
Microsoft Visual Studio Solution File, Format Version 12.00
# Visual Studio Version 17
VisualStudioVersion = 17.9.34607.119
MinimumVisualStudioVersion = 10.0.40219.1
Project("{FAE04EC0-301F-11D3-BF4B-00C04F79EFBC}") = "InventoryManagementSystem", "InventoryManagementSystem\InventoryManagementSystem.csproj", "{88D8A350-E580-4B11-A13C-1339A66D2AB4}"
EndProject
Global
	GlobalSection(SolutionConfigurationPlatforms) = preSolution
		Debug|Any CPU = Debug|Any CPU
		Release|Any CPU = Release|Any CPU
	EndGlobalSection
	GlobalSection(ProjectConfigurationPlatforms) = postSolution
		{88D8A350-E580-4B11-A13C-1339A66D2AB4}.Debug|Any CPU.ActiveCfg = Debug|Any CPU
		{88D8A350-E580-4B11-A13C-1339A66D2AB4}.Debug|Any CPU.Build.0 = Debug|Any CPU
		{88D8A350-E580-4B11-A13C-1339A66D2AB4}.Release|Any CPU.ActiveCfg = Release|Any CPU
		{88D8A350-E580-4B11-A13C-1339A66D2AB4}.Release|Any CPU.Build.0 = Release|Any CPU
	EndGlobalSection
	GlobalSection(SolutionProperties) = preSolution
		HideSolutionNode = FALSE
	EndGlobalSection
	GlobalSection(ExtensibilityGlobals) = postSolution
		SolutionGuid = {86C5768C-9C60-40A5-A9E8-C9765719D0A1}
	EndGlobalSection
EndGlobal
